{
  "name": "age-calculator",
  "version": "1.0.0",
  "lockfileVersion": 3,
  "requires": true,
  "packages": {
    "": {
      "name": "age-calculator",
      "version": "1.0.0",
      "license": "ISC",
      "dependencies": {
        "js-datepicker": "^5.18.4",
        "luxon": "^3.7.2"
      }
    },
    "node_modules/js-datepicker": {
      "version": "5.18.4",
      "resolved": "https://registry.npmjs.org/js-datepicker/-/js-datepicker-5.18.4.tgz",
      "integrity": "sha512-CqWfNCrtpdlx072OcTHBJpUsWBSRo3XbZ5rtaFrwIWYpgO5BiTcoEZFk0/xt8PxbG6gjFii+xQsgwGxfaqh4Bw==",
      "license": "MIT"
    },
    "node_modules/luxon": {
      "version": "3.7.2",
      "resolved": "https://registry.npmjs.org/luxon/-/luxon-3.7.2.tgz",
      "integrity": "sha512-vtEhXh/gNjI9Yg1u4jX/0YVPMvxzHuGgCm6tC5kZyb08yjGWGnqAjGJvcXbqQR2P3MyMEFnRbpcdFS6PBcLqew==",
      "license": "MIT",
      "engines": {
        "node": ">=12"
      }
    }
  }
}
